
Microsoft Visual Studio Solution File, Format Version 12.00
# Visual Studio Version 17
VisualStudioVersion = 17.3.32819.101
MinimumVisualStudioVersion = 10.0.40219.1
Project("{FAE04EC0-301F-11D3-BF4B-00C04F79EFBC}") = "CapaPresentacion", "CapaPresentacion\CapaPresentacion.csproj", "{AF4CA62D-AA5A-4297-ACC6-830500633B5B}"
EndProject
Project("{FAE04EC0-301F-11D3-BF4B-00C04F79EFBC}") = "CapaDatos", "CapaDatos\CapaDatos.csproj", "{C10026FD-3CCC-4766-A004-95F7AC8F0F51}"
EndProject
Project("{FAE04EC0-301F-11D3-BF4B-00C04F79EFBC}") = "CapaNegocio", "CapaNegocio\CapaNegocio.csproj", "{CC8BF636-4BBB-42AB-8CCF-1D9B29DEFEE6}"
EndProject
Global
	GlobalSection(SolutionConfigurationPlatforms) = preSolution
		Debug|Any CPU = Debug|Any CPU
		Release|Any CPU = Release|Any CPU
	EndGlobalSection
	GlobalSection(ProjectConfigurationPlatforms) = postSolution
		{AF4CA62D-AA5A-4297-ACC6-830500633B5B}.Debug|Any CPU.ActiveCfg = Debug|Any CPU
		{AF4CA62D-AA5A-4297-ACC6-830500633B5B}.Debug|Any CPU.Build.0 = Debug|Any CPU
		{AF4CA62D-AA5A-4297-ACC6-830500633B5B}.Release|Any CPU.ActiveCfg = Release|Any CPU
		{AF4CA62D-AA5A-4297-ACC6-830500633B5B}.Release|Any CPU.Build.0 = Release|Any CPU
		{C10026FD-3CCC-4766-A004-95F7AC8F0F51}.Debug|Any CPU.ActiveCfg = Debug|Any CPU
		{C10026FD-3CCC-4766-A004-95F7AC8F0F51}.Debug|Any CPU.Build.0 = Debug|Any CPU
		{C10026FD-3CCC-4766-A004-95F7AC8F0F51}.Release|Any CPU.ActiveCfg = Release|Any CPU
		{C10026FD-3CCC-4766-A004-95F7AC8F0F51}.Release|Any CPU.Build.0 = Release|Any CPU
		{CC8BF636-4BBB-42AB-8CCF-1D9B29DEFEE6}.Debug|Any CPU.ActiveCfg = Debug|Any CPU
		{CC8BF636-4BBB-42AB-8CCF-1D9B29DEFEE6}.Debug|Any CPU.Build.0 = Debug|Any CPU
		{CC8BF636-4BBB-42AB-8CCF-1D9B29DEFEE6}.Release|Any CPU.ActiveCfg = Release|Any CPU
		{CC8BF636-4BBB-42AB-8CCF-1D9B29DEFEE6}.Release|Any CPU.Build.0 = Release|Any CPU
	EndGlobalSection
	GlobalSection(SolutionProperties) = preSolution
		HideSolutionNode = FALSE
	EndGlobalSection
	GlobalSection(ExtensibilityGlobals) = postSolution
		SolutionGuid = {8C2A2674-5E6A-44A0-B007-5581F57D8A9E}
	EndGlobalSection
EndGlobal
